
Microsoft Visual Studio Solution File, Format Version 12.00
# Visual Studio Version 17
VisualStudioVersion = 17.3.32901.215
MinimumVisualStudioVersion = 10.0.40219.1
Project("{9A19103F-16F7-4668-BE54-9A1E7A4F7556}") = "Portfolio.WebUI", "Portfolio.WebUI\Portfolio.WebUI.csproj", "{2EE1B43D-F432-4E9F-8D55-0450521AEA6B}"
EndProject
Project("{9A19103F-16F7-4668-BE54-9A1E7A4F7556}") = "Portfolio.Domain", "Portfolio.Domain\Portfolio.Domain.csproj", "{CCE306D5-03E5-441D-9F3D-47B1BF20B376}"
EndProject
Global
	GlobalSection(SolutionConfigurationPlatforms) = preSolution
		Debug|Any CPU = Debug|Any CPU
		Release|Any CPU = Release|Any CPU
	EndGlobalSection
	GlobalSection(ProjectConfigurationPlatforms) = postSolution
		{2EE1B43D-F432-4E9F-8D55-0450521AEA6B}.Debug|Any CPU.ActiveCfg = Debug|Any CPU
		{2EE1B43D-F432-4E9F-8D55-0450521AEA6B}.Debug|Any CPU.Build.0 = Debug|Any CPU
		{2EE1B43D-F432-4E9F-8D55-0450521AEA6B}.Release|Any CPU.ActiveCfg = Release|Any CPU
		{2EE1B43D-F432-4E9F-8D55-0450521AEA6B}.Release|Any CPU.Build.0 = Release|Any CPU
		{CCE306D5-03E5-441D-9F3D-47B1BF20B376}.Debug|Any CPU.ActiveCfg = Debug|Any CPU
		{CCE306D5-03E5-441D-9F3D-47B1BF20B376}.Debug|Any CPU.Build.0 = Debug|Any CPU
		{CCE306D5-03E5-441D-9F3D-47B1BF20B376}.Release|Any CPU.ActiveCfg = Release|Any CPU
		{CCE306D5-03E5-441D-9F3D-47B1BF20B376}.Release|Any CPU.Build.0 = Release|Any CPU
	EndGlobalSection
	GlobalSection(SolutionProperties) = preSolution
		HideSolutionNode = FALSE
	EndGlobalSection
	GlobalSection(ExtensibilityGlobals) = postSolution
		SolutionGuid = {A1599FAC-62FF-4938-96C8-A1722FF4EF5B}
	EndGlobalSection
EndGlobal
